// !$*UTF8*$!
{
	archiveVersion = 1;
	classes = {
	};
	objectVersion = 77;
	objects = {

/* Begin PBXBuildFile section */
		F51241C92D1F38B600E27EA7 /* SearchResult.swift in Sources */ = {isa = PBXBuildFile; fileRef = F51241C82D1F38B600E27EA7 /* SearchResult.swift */; };
		F59C48592D1C807000CB2720 /* UIView+Ext.swift in Sources */ = {isa = PBXBuildFile; fileRef = F59C48582D1C807000CB2720 /* UIView+Ext.swift */; };
		F5A580782D1DAF84007C8023 /* Journey.swift in Sources */ = {isa = PBXBuildFile; fileRef = F5A580772D1DAF84007C8023 /* Journey.swift */; };
		F5A580802D1DB3CD007C8023 /* JourneyBooking.swift in Sources */ = {isa = PBXBuildFile; fileRef = F5A5807F2D1DB3CD007C8023 /* JourneyBooking.swift */; };
		F5A580C12D1DCC17007C8023 /* SwiftfulUI in Frameworks */ = {isa = PBXBuildFile; productRef = F5A580C02D1DCC17007C8023 /* SwiftfulUI */; };
		F5A580C72D1DCFF0007C8023 /* City.swift in Sources */ = {isa = PBXBuildFile; fileRef = F5A580C62D1DCFF0007C8023 /* City.swift */; };
		F5AE39E42D1C6A8200351550 /* BlablacarApp.swift in Sources */ = {isa = PBXBuildFile; fileRef = F5AE39D32D1C6A8200351550 /* BlablacarApp.swift */; };
		F5AE39E62D1C6A8200351550 /* Assets.xcassets in Resources */ = {isa = PBXBuildFile; fileRef = F5AE39D52D1C6A8200351550 /* Assets.xcassets */; };
		F5AE39E72D1C6A8200351550 /* Preview Assets.xcassets in Resources */ = {isa = PBXBuildFile; fileRef = F5AE39E02D1C6A8200351550 /* Preview Assets.xcassets */; };
		F5AE39F82D1C6AFB00351550 /* RidesView.swift in Sources */ = {isa = PBXBuildFile; fileRef = F5AE39F72D1C6AFB00351550 /* RidesView.swift */; };
		F5AE39FA2D1C6B0100351550 /* InboxView.swift in Sources */ = {isa = PBXBuildFile; fileRef = F5AE39F92D1C6B0100351550 /* InboxView.swift */; };
		F5AE39FC2D1C6B0600351550 /* ProfileView.swift in Sources */ = {isa = PBXBuildFile; fileRef = F5AE39FB2D1C6B0600351550 /* ProfileView.swift */; };
		F5AE3A062D1C749D00351550 /* Tab.swift in Sources */ = {isa = PBXBuildFile; fileRef = F5AE3A052D1C749D00351550 /* Tab.swift */; };
/* End PBXBuildFile section */

/* Begin PBXFileReference section */
		F51241C82D1F38B600E27EA7 /* SearchResult.swift */ = {isa = PBXFileReference; lastKnownFileType = sourcecode.swift; path = SearchResult.swift; sourceTree = "<group>"; };
		F59C48582D1C807000CB2720 /* UIView+Ext.swift */ = {isa = PBXFileReference; lastKnownFileType = sourcecode.swift; path = "UIView+Ext.swift"; sourceTree = "<group>"; };
		F5A580772D1DAF84007C8023 /* Journey.swift */ = {isa = PBXFileReference; lastKnownFileType = sourcecode.swift; path = Journey.swift; sourceTree = "<group>"; };
		F5A5807F2D1DB3CD007C8023 /* JourneyBooking.swift */ = {isa = PBXFileReference; lastKnownFileType = sourcecode.swift; path = JourneyBooking.swift; sourceTree = "<group>"; };
		F5A580C62D1DCFF0007C8023 /* City.swift */ = {isa = PBXFileReference; lastKnownFileType = sourcecode.swift; path = City.swift; sourceTree = "<group>"; };
		F5AE39B72D1C5F4E00351550 /* Blablacar.app */ = {isa = PBXFileReference; explicitFileType = wrapper.application; includeInIndex = 0; path = Blablacar.app; sourceTree = BUILT_PRODUCTS_DIR; };
		F5AE39D32D1C6A8200351550 /* BlablacarApp.swift */ = {isa = PBXFileReference; lastKnownFileType = sourcecode.swift; path = BlablacarApp.swift; sourceTree = "<group>"; };
		F5AE39D52D1C6A8200351550 /* Assets.xcassets */ = {isa = PBXFileReference; lastKnownFileType = folder.assetcatalog; path = Assets.xcassets; sourceTree = "<group>"; };
		F5AE39E02D1C6A8200351550 /* Preview Assets.xcassets */ = {isa = PBXFileReference; lastKnownFileType = folder.assetcatalog; path = "Preview Assets.xcassets"; sourceTree = "<group>"; };
		F5AE39F72D1C6AFB00351550 /* RidesView.swift */ = {isa = PBXFileReference; lastKnownFileType = sourcecode.swift; path = RidesView.swift; sourceTree = "<group>"; };
		F5AE39F92D1C6B0100351550 /* InboxView.swift */ = {isa = PBXFileReference; lastKnownFileType = sourcecode.swift; path = InboxView.swift; sourceTree = "<group>"; };
		F5AE39FB2D1C6B0600351550 /* ProfileView.swift */ = {isa = PBXFileReference; lastKnownFileType = sourcecode.swift; path = ProfileView.swift; sourceTree = "<group>"; };
		F5AE3A052D1C749D00351550 /* Tab.swift */ = {isa = PBXFileReference; lastKnownFileType = sourcecode.swift; path = Tab.swift; sourceTree = "<group>"; };
		F5AE3A0B2D1C78A500351550 /* Info.plist */ = {isa = PBXFileReference; lastKnownFileType = text.plist; path = Info.plist; sourceTree = "<group>"; };
/* End PBXFileReference section */

/* Begin PBXFileSystemSynchronizedBuildFileExceptionSet section */
		F5A5807C2D1DAFA0007C8023 /* Exceptions for "Service" folder in "Blablacar" target */ = {
			isa = PBXFileSystemSynchronizedBuildFileExceptionSet;
			membershipExceptions = (
				BlaBlaDataService.swift,
			);
			target = F5AE39B62D1C5F4E00351550 /* Blablacar */;
		};
/* End PBXFileSystemSynchronizedBuildFileExceptionSet section */

/* Begin PBXFileSystemSynchronizedRootGroup section */
		F59C485A2D1C85FE00CB2720 /* View */ = {
			isa = PBXFileSystemSynchronizedRootGroup;
			path = View;
			sourceTree = "<group>";
		};
		F59C485B2D1C860500CB2720 /* Components */ = {
			isa = PBXFileSystemSynchronizedRootGroup;
			path = Components;
			sourceTree = "<group>";
		};
		F59C485C2D1C860C00CB2720 /* ViewModel */ = {
			isa = PBXFileSystemSynchronizedRootGroup;
			path = ViewModel;
			sourceTree = "<group>";
		};
		F59C48612D1C868D00CB2720 /* View */ = {
			isa = PBXFileSystemSynchronizedRootGroup;
			path = View;
			sourceTree = "<group>";
		};
		F59C48622D1C868F00CB2720 /* ViewModel */ = {
			isa = PBXFileSystemSynchronizedRootGroup;
			path = ViewModel;
			sourceTree = "<group>";
		};
		F59C48632D1C869300CB2720 /* Components */ = {
			isa = PBXFileSystemSynchronizedRootGroup;
			path = Components;
			sourceTree = "<group>";
		};
		F5A580792D1DAF98007C8023 /* Service */ = {
			isa = PBXFileSystemSynchronizedRootGroup;
			exceptions = (
				F5A5807C2D1DAFA0007C8023 /* Exceptions for "Service" folder in "Blablacar" target */,
			);
			path = Service;
			sourceTree = "<group>";
		};
		F5AE39EA2D1C6AAF00351550 /* ViewModel */ = {
			isa = PBXFileSystemSynchronizedRootGroup;
			path = ViewModel;
			sourceTree = "<group>";
		};
		F5AE39EB2D1C6AB200351550 /* View */ = {
			isa = PBXFileSystemSynchronizedRootGroup;
			path = View;
			sourceTree = "<group>";
		};
		F5AE39EE2D1C6ACE00351550 /* Comman */ = {
			isa = PBXFileSystemSynchronizedRootGroup;
			path = Comman;
			sourceTree = "<group>";
		};
		F5AE39FD2D1C6B9100351550 /* Enums */ = {
			isa = PBXFileSystemSynchronizedRootGroup;
			path = Enums;
			sourceTree = "<group>";
		};
		F5AE3A022D1C71D300351550 /* Components */ = {
			isa = PBXFileSystemSynchronizedRootGroup;
			path = Components;
			sourceTree = "<group>";
		};
		F5C7B3AF2D203CE800A361C9 /* View */ = {
			isa = PBXFileSystemSynchronizedRootGroup;
			path = View;
			sourceTree = "<group>";
		};
		F5C7B3B02D203CEB00A361C9 /* ViewModel */ = {
			isa = PBXFileSystemSynchronizedRootGroup;
			path = ViewModel;
			sourceTree = "<group>";
		};
		F5C7B3B12D203CEE00A361C9 /* Components */ = {
			isa = PBXFileSystemSynchronizedRootGroup;
			path = Components;
			sourceTree = "<group>";
		};
/* End PBXFileSystemSynchronizedRootGroup section */

/* Begin PBXFrameworksBuildPhase section */
		F5AE39B42D1C5F4E00351550 /* Frameworks */ = {
			isa = PBXFrameworksBuildPhase;
			buildActionMask = 2147483647;
			files = (
				F5A580C12D1DCC17007C8023 /* SwiftfulUI in Frameworks */,
			);
			runOnlyForDeploymentPostprocessing = 0;
		};
/* End PBXFrameworksBuildPhase section */

/* Begin PBXGroup section */
		F5AE39AE2D1C5F4E00351550 = {
			isa = PBXGroup;
			children = (
				F5AE39E32D1C6A8200351550 /* Blablacar */,
				F5AE39B82D1C5F4E00351550 /* Products */,
			);
			sourceTree = "<group>";
		};
		F5AE39B82D1C5F4E00351550 /* Products */ = {
			isa = PBXGroup;
			children = (
				F5AE39B72D1C5F4E00351550 /* Blablacar.app */,
			);
			name = Products;
			sourceTree = "<group>";
		};
		F5AE39D42D1C6A8200351550 /* App */ = {
			isa = PBXGroup;
			children = (
				F5AE39D32D1C6A8200351550 /* BlablacarApp.swift */,
			);
			path = App;
			sourceTree = "<group>";
		};
		F5AE39D62D1C6A8200351550 /* Assets */ = {
			isa = PBXGroup;
			children = (
				F5AE39D52D1C6A8200351550 /* Assets.xcassets */,
			);
			path = Assets;
			sourceTree = "<group>";
		};
		F5AE39D72D1C6A8200351550 /* Inbox */ = {
			isa = PBXGroup;
			children = (
				F5AE39F92D1C6B0100351550 /* InboxView.swift */,
			);
			path = Inbox;
			sourceTree = "<group>";
		};
		F5AE39D82D1C6A8200351550 /* RidesView */ = {
			isa = PBXGroup;
			children = (
				F5AE39F72D1C6AFB00351550 /* RidesView.swift */,
			);
			path = RidesView;
			sourceTree = "<group>";
		};
		F5AE39D92D1C6A8200351550 /* Profile */ = {
			isa = PBXGroup;
			children = (
				F5AE39FB2D1C6B0600351550 /* ProfileView.swift */,
			);
			path = Profile;
			sourceTree = "<group>";
		};
		F5AE39DA2D1C6A8200351550 /* Publish */ = {
			isa = PBXGroup;
			children = (
				F5C7B3B12D203CEE00A361C9 /* Components */,
				F5C7B3B02D203CEB00A361C9 /* ViewModel */,
				F5C7B3AF2D203CE800A361C9 /* View */,
			);
			path = Publish;
			sourceTree = "<group>";
		};
		F5AE39DB2D1C6A8200351550 /* Root */ = {
			isa = PBXGroup;
			children = (
				F5AE3A022D1C71D300351550 /* Components */,
				F5AE39EB2D1C6AB200351550 /* View */,
				F5AE39EA2D1C6AAF00351550 /* ViewModel */,
			);
			path = Root;
			sourceTree = "<group>";
		};
		F5AE39DC2D1C6A8200351550 /* Search */ = {
			isa = PBXGroup;
			children = (
				F59C48632D1C869300CB2720 /* Components */,
				F59C48622D1C868F00CB2720 /* ViewModel */,
				F59C48612D1C868D00CB2720 /* View */,
			);
			path = Search;
			sourceTree = "<group>";
		};
		F5AE39DD2D1C6A8200351550 /* Core */ = {
			isa = PBXGroup;
			children = (
				F5AE39DB2D1C6A8200351550 /* Root */,
				F5AE39E92D1C6A9100351550 /* Tabbar */,
				F5AE39DC2D1C6A8200351550 /* Search */,
				F5AE39DA2D1C6A8200351550 /* Publish */,
				F5AE39D82D1C6A8200351550 /* RidesView */,
				F5AE39D72D1C6A8200351550 /* Inbox */,
				F5AE39D92D1C6A8200351550 /* Profile */,
			);
			path = Core;
			sourceTree = "<group>";
		};
		F5AE39DE2D1C6A8200351550 /* Extensions */ = {
			isa = PBXGroup;
			children = (
				F59C48582D1C807000CB2720 /* UIView+Ext.swift */,
			);
			path = Extensions;
			sourceTree = "<group>";
		};
		F5AE39DF2D1C6A8200351550 /* Models */ = {
			isa = PBXGroup;
			children = (
				F5AE3A052D1C749D00351550 /* Tab.swift */,
				F5A580772D1DAF84007C8023 /* Journey.swift */,
				F5A5807F2D1DB3CD007C8023 /* JourneyBooking.swift */,
				F5A580C62D1DCFF0007C8023 /* City.swift */,
				F51241C82D1F38B600E27EA7 /* SearchResult.swift */,
			);
			path = Models;
			sourceTree = "<group>";
		};
		F5AE39E12D1C6A8200351550 /* Preview Content */ = {
			isa = PBXGroup;
			children = (
				F5AE39E02D1C6A8200351550 /* Preview Assets.xcassets */,
			);
			path = "Preview Content";
			sourceTree = "<group>";
		};
		F5AE39E32D1C6A8200351550 /* Blablacar */ = {
			isa = PBXGroup;
			children = (
				F5A580792D1DAF98007C8023 /* Service */,
				F5AE3A0B2D1C78A500351550 /* Info.plist */,
				F5AE39D42D1C6A8200351550 /* App */,
				F5AE39DD2D1C6A8200351550 /* Core */,
				F5AE39DE2D1C6A8200351550 /* Extensions */,
				F5AE39DF2D1C6A8200351550 /* Models */,
				F5AE39ED2D1C6ACA00351550 /* Utils */,
				F5AE39D62D1C6A8200351550 /* Assets */,
				F5AE39E12D1C6A8200351550 /* Preview Content */,
			);
			path = Blablacar;
			sourceTree = "<group>";
		};
		F5AE39E92D1C6A9100351550 /* Tabbar */ = {
			isa = PBXGroup;
			children = (
				F59C485C2D1C860C00CB2720 /* ViewModel */,
				F59C485B2D1C860500CB2720 /* Components */,
				F59C485A2D1C85FE00CB2720 /* View */,
			);
			path = Tabbar;
			sourceTree = "<group>";
		};
		F5AE39ED2D1C6ACA00351550 /* Utils */ = {
			isa = PBXGroup;
			children = (
				F5AE39FD2D1C6B9100351550 /* Enums */,
				F5AE39EE2D1C6ACE00351550 /* Comman */,
			);
			path = Utils;
			sourceTree = "<group>";
		};
/* End PBXGroup section */

/* Begin PBXNativeTarget section */
		F5AE39B62D1C5F4E00351550 /* Blablacar */ = {
			isa = PBXNativeTarget;
			buildConfigurationList = F5AE39C52D1C5F4F00351550 /* Build configuration list for PBXNativeTarget "Blablacar" */;
			buildPhases = (
				F5AE39B32D1C5F4E00351550 /* Sources */,
				F5AE39B42D1C5F4E00351550 /* Frameworks */,
				F5AE39B52D1C5F4E00351550 /* Resources */,
			);
			buildRules = (
			);
			dependencies = (
			);
			fileSystemSynchronizedGroups = (
				F59C485A2D1C85FE00CB2720 /* View */,
				F59C485B2D1C860500CB2720 /* Components */,
				F59C485C2D1C860C00CB2720 /* ViewModel */,
				F59C48612D1C868D00CB2720 /* View */,
				F59C48622D1C868F00CB2720 /* ViewModel */,
				F59C48632D1C869300CB2720 /* Components */,
				F5AE39EA2D1C6AAF00351550 /* ViewModel */,
				F5AE39EB2D1C6AB200351550 /* View */,
				F5AE39EE2D1C6ACE00351550 /* Comman */,
				F5AE39FD2D1C6B9100351550 /* Enums */,
				F5AE3A022D1C71D300351550 /* Components */,
				F5C7B3AF2D203CE800A361C9 /* View */,
				F5C7B3B02D203CEB00A361C9 /* ViewModel */,
				F5C7B3B12D203CEE00A361C9 /* Components */,
			);
			name = Blablacar;
			packageProductDependencies = (
				F5A580C02D1DCC17007C8023 /* SwiftfulUI */,
			);
			productName = Blablacar;
			productReference = F5AE39B72D1C5F4E00351550 /* Blablacar.app */;
			productType = "com.apple.product-type.application";
		};
/* End PBXNativeTarget section */

/* Begin PBXProject section */
		F5AE39AF2D1C5F4E00351550 /* Project object */ = {
			isa = PBXProject;
			attributes = {
				BuildIndependentTargetsInParallel = 1;
				LastSwiftUpdateCheck = 1600;
				LastUpgradeCheck = 1600;
				TargetAttributes = {
					F5AE39B62D1C5F4E00351550 = {
						CreatedOnToolsVersion = 16.0;
					};
				};
			};
			buildConfigurationList = F5AE39B22D1C5F4E00351550 /* Build configuration list for PBXProject "Blablacar" */;
			developmentRegion = en;
			hasScannedForEncodings = 0;
			knownRegions = (
				en,
				Base,
			);
			mainGroup = F5AE39AE2D1C5F4E00351550;
			minimizedProjectReferenceProxies = 1;
			packageReferences = (
				F5A580BF2D1DCC17007C8023 /* XCRemoteSwiftPackageReference "SwiftfulUI" */,
			);
			preferredProjectObjectVersion = 77;
			productRefGroup = F5AE39B82D1C5F4E00351550 /* Products */;
			projectDirPath = "";
			projectRoot = "";
			targets = (
				F5AE39B62D1C5F4E00351550 /* Blablacar */,
			);
		};
/* End PBXProject section */

/* Begin PBXResourcesBuildPhase section */
		F5AE39B52D1C5F4E00351550 /* Resources */ = {
			isa = PBXResourcesBuildPhase;
			buildActionMask = 2147483647;
			files = (
				F5AE39E62D1C6A8200351550 /* Assets.xcassets in Resources */,
				F5AE39E72D1C6A8200351550 /* Preview Assets.xcassets in Resources */,
			);
			runOnlyForDeploymentPostprocessing = 0;
		};
/* End PBXResourcesBuildPhase section */

/* Begin PBXSourcesBuildPhase section */
		F5AE39B32D1C5F4E00351550 /* Sources */ = {
			isa = PBXSourcesBuildPhase;
			buildActionMask = 2147483647;
			files = (
				F59C48592D1C807000CB2720 /* UIView+Ext.swift in Sources */,
				F5A580782D1DAF84007C8023 /* Journey.swift in Sources */,
				F5AE39FC2D1C6B0600351550 /* ProfileView.swift in Sources */,
				F5AE3A062D1C749D00351550 /* Tab.swift in Sources */,
				F5AE39F82D1C6AFB00351550 /* RidesView.swift in Sources */,
				F5AE39E42D1C6A8200351550 /* BlablacarApp.swift in Sources */,
				F5AE39FA2D1C6B0100351550 /* InboxView.swift in Sources */,
				F5A580802D1DB3CD007C8023 /* JourneyBooking.swift in Sources */,
				F51241C92D1F38B600E27EA7 /* SearchResult.swift in Sources */,
				F5A580C72D1DCFF0007C8023 /* City.swift in Sources */,
			);
			runOnlyForDeploymentPostprocessing = 0;
		};
/* End PBXSourcesBuildPhase section */

/* Begin XCBuildConfiguration section */
		F5AE39C32D1C5F4F00351550 /* Debug */ = {
			isa = XCBuildConfiguration;
			buildSettings = {
				ALWAYS_SEARCH_USER_PATHS = NO;
				ASSETCATALOG_COMPILER_GENERATE_SWIFT_ASSET_SYMBOL_EXTENSIONS = YES;
				CLANG_ANALYZER_NONNULL = YES;
				CLANG_ANALYZER_NUMBER_OBJECT_CONVERSION = YES_AGGRESSIVE;
				CLANG_CXX_LANGUAGE_STANDARD = "gnu++20";
				CLANG_ENABLE_MODULES = YES;
				CLANG_ENABLE_OBJC_ARC = YES;
				CLANG_ENABLE_OBJC_WEAK = YES;
				CLANG_WARN_BLOCK_CAPTURE_AUTORELEASING = YES;
				CLANG_WARN_BOOL_CONVERSION = YES;
				CLANG_WARN_COMMA = YES;
				CLANG_WARN_CONSTANT_CONVERSION = YES;
				CLANG_WARN_DEPRECATED_OBJC_IMPLEMENTATIONS = YES;
				CLANG_WARN_DIRECT_OBJC_ISA_USAGE = YES_ERROR;
				CLANG_WARN_DOCUMENTATION_COMMENTS = YES;
				CLANG_WARN_EMPTY_BODY = YES;
				CLANG_WARN_ENUM_CONVERSION = YES;
				CLANG_WARN_INFINITE_RECURSION = YES;
				CLANG_WARN_INT_CONVERSION = YES;
				CLANG_WARN_NON_LITERAL_NULL_CONVERSION = YES;
				CLANG_WARN_OBJC_IMPLICIT_RETAIN_SELF = YES;
				CLANG_WARN_OBJC_LITERAL_CONVERSION = YES;
				CLANG_WARN_OBJC_ROOT_CLASS = YES_ERROR;
				CLANG_WARN_QUOTED_INCLUDE_IN_FRAMEWORK_HEADER = YES;
				CLANG_WARN_RANGE_LOOP_ANALYSIS = YES;
				CLANG_WARN_STRICT_PROTOTYPES = YES;
				CLANG_WARN_SUSPICIOUS_MOVE = YES;
				CLANG_WARN_UNGUARDED_AVAILABILITY = YES_AGGRESSIVE;
				CLANG_WARN_UNREACHABLE_CODE = YES;
				CLANG_WARN__DUPLICATE_METHOD_MATCH = YES;
				COPY_PHASE_STRIP = NO;
				DEBUG_INFORMATION_FORMAT = dwarf;
				ENABLE_STRICT_OBJC_MSGSEND = YES;
				ENABLE_TESTABILITY = YES;
				ENABLE_USER_SCRIPT_SANDBOXING = YES;
				GCC_C_LANGUAGE_STANDARD = gnu17;
				GCC_DYNAMIC_NO_PIC = NO;
				GCC_NO_COMMON_BLOCKS = YES;
				GCC_OPTIMIZATION_LEVEL = 0;
				GCC_PREPROCESSOR_DEFINITIONS = (
					"DEBUG=1",
					"$(inherited)",
				);
				GCC_WARN_64_TO_32_BIT_CONVERSION = YES;
				GCC_WARN_ABOUT_RETURN_TYPE = YES_ERROR;
				GCC_WARN_UNDECLARED_SELECTOR = YES;
				GCC_WARN_UNINITIALIZED_AUTOS = YES_AGGRESSIVE;
				GCC_WARN_UNUSED_FUNCTION = YES;
				GCC_WARN_UNUSED_VARIABLE = YES;
				IPHONEOS_DEPLOYMENT_TARGET = 18.0;
				LOCALIZATION_PREFERS_STRING_CATALOGS = YES;
				MTL_ENABLE_DEBUG_INFO = INCLUDE_SOURCE;
				MTL_FAST_MATH = YES;
				ONLY_ACTIVE_ARCH = YES;
				SDKROOT = iphoneos;
				SWIFT_ACTIVE_COMPILATION_CONDITIONS = "DEBUG $(inherited)";
				SWIFT_OPTIMIZATION_LEVEL = "-Onone";
			};
			name = Debug;
		};
		F5AE39C42D1C5F4F00351550 /* Release */ = {
			isa = XCBuildConfiguration;
			buildSettings = {
				ALWAYS_SEARCH_USER_PATHS = NO;
				ASSETCATALOG_COMPILER_GENERATE_SWIFT_ASSET_SYMBOL_EXTENSIONS = YES;
				CLANG_ANALYZER_NONNULL = YES;
				CLANG_ANALYZER_NUMBER_OBJECT_CONVERSION = YES_AGGRESSIVE;
				CLANG_CXX_LANGUAGE_STANDARD = "gnu++20";
				CLANG_ENABLE_MODULES = YES;
				CLANG_ENABLE_OBJC_ARC = YES;
				CLANG_ENABLE_OBJC_WEAK = YES;
				CLANG_WARN_BLOCK_CAPTURE_AUTORELEASING = YES;
				CLANG_WARN_BOOL_CONVERSION = YES;
				CLANG_WARN_COMMA = YES;
				CLANG_WARN_CONSTANT_CONVERSION = YES;
				CLANG_WARN_DEPRECATED_OBJC_IMPLEMENTATIONS = YES;
				CLANG_WARN_DIRECT_OBJC_ISA_USAGE = YES_ERROR;
				CLANG_WARN_DOCUMENTATION_COMMENTS = YES;
				CLANG_WARN_EMPTY_BODY = YES;
				CLANG_WARN_ENUM_CONVERSION = YES;
				CLANG_WARN_INFINITE_RECURSION = YES;
				CLANG_WARN_INT_CONVERSION = YES;
				CLANG_WARN_NON_LITERAL_NULL_CONVERSION = YES;
				CLANG_WARN_OBJC_IMPLICIT_RETAIN_SELF = YES;
				CLANG_WARN_OBJC_LITERAL_CONVERSION = YES;
				CLANG_WARN_OBJC_ROOT_CLASS = YES_ERROR;
				CLANG_WARN_QUOTED_INCLUDE_IN_FRAMEWORK_HEADER = YES;
				CLANG_WARN_RANGE_LOOP_ANALYSIS = YES;
				CLANG_WARN_STRICT_PROTOTYPES = YES;
				CLANG_WARN_SUSPICIOUS_MOVE = YES;
				CLANG_WARN_UNGUARDED_AVAILABILITY = YES_AGGRESSIVE;
				CLANG_WARN_UNREACHABLE_CODE = YES;
				CLANG_WARN__DUPLICATE_METHOD_MATCH = YES;
				COPY_PHASE_STRIP = NO;
				DEBUG_INFORMATION_FORMAT = "dwarf-with-dsym";
				ENABLE_NS_ASSERTIONS = NO;
				ENABLE_STRICT_OBJC_MSGSEND = YES;
				ENABLE_USER_SCRIPT_SANDBOXING = YES;
				GCC_C_LANGUAGE_STANDARD = gnu17;
				GCC_NO_COMMON_BLOCKS = YES;
				GCC_WARN_64_TO_32_BIT_CONVERSION = YES;
				GCC_WARN_ABOUT_RETURN_TYPE = YES_ERROR;
				GCC_WARN_UNDECLARED_SELECTOR = YES;
				GCC_WARN_UNINITIALIZED_AUTOS = YES_AGGRESSIVE;
				GCC_WARN_UNUSED_FUNCTION = YES;
				GCC_WARN_UNUSED_VARIABLE = YES;
				IPHONEOS_DEPLOYMENT_TARGET = 18.0;
				LOCALIZATION_PREFERS_STRING_CATALOGS = YES;
				MTL_ENABLE_DEBUG_INFO = NO;
				MTL_FAST_MATH = YES;
				SDKROOT = iphoneos;
				SWIFT_COMPILATION_MODE = wholemodule;
				VALIDATE_PRODUCT = YES;
			};
			name = Release;
		};
		F5AE39C62D1C5F4F00351550 /* Debug */ = {
			isa = XCBuildConfiguration;
			buildSettings = {
				ASSETCATALOG_COMPILER_APPICON_NAME = AppIcon;
				ASSETCATALOG_COMPILER_GLOBAL_ACCENT_COLOR_NAME = AccentColor;
				CODE_SIGN_STYLE = Automatic;
				CURRENT_PROJECT_VERSION = 1;
				DEVELOPMENT_ASSET_PATHS = "\"Blablacar/Preview Content\"";
				DEVELOPMENT_TEAM = T89868475G;
				ENABLE_PREVIEWS = YES;
				GENERATE_INFOPLIST_FILE = YES;
				INFOPLIST_FILE = Blablacar/Info.plist;
				INFOPLIST_KEY_CFBundleDisplayName = BlaBlaCar;
				INFOPLIST_KEY_UIApplicationSceneManifest_Generation = YES;
				INFOPLIST_KEY_UIApplicationSupportsIndirectInputEvents = YES;
				INFOPLIST_KEY_UISupportedInterfaceOrientations_iPad = "UIInterfaceOrientationPortrait UIInterfaceOrientationPortraitUpsideDown UIInterfaceOrientationLandscapeLeft UIInterfaceOrientationLandscapeRight";
				INFOPLIST_KEY_UISupportedInterfaceOrientations_iPhone = "UIInterfaceOrientationPortrait UIInterfaceOrientationLandscapeLeft UIInterfaceOrientationLandscapeRight";
				LD_RUNPATH_SEARCH_PATHS = (
					"$(inherited)",
					"@executable_path/Frameworks",
				);
				MARKETING_VERSION = 1.0;
				PRODUCT_BUNDLE_IDENTIFIER = com.abdullaharslan.Blablacar;
				PRODUCT_NAME = "$(TARGET_NAME)";
				SWIFT_EMIT_LOC_STRINGS = YES;
				SWIFT_VERSION = 5.0;
				TARGETED_DEVICE_FAMILY = "1,2";
			};
			name = Debug;
		};
		F5AE39C72D1C5F4F00351550 /* Release */ = {
			isa = XCBuildConfiguration;
			buildSettings = {
				ASSETCATALOG_COMPILER_APPICON_NAME = AppIcon;
				ASSETCATALOG_COMPILER_GLOBAL_ACCENT_COLOR_NAME = AccentColor;
				CODE_SIGN_STYLE = Automatic;
				CURRENT_PROJECT_VERSION = 1;
				DEVELOPMENT_ASSET_PATHS = "\"Blablacar/Preview Content\"";
				DEVELOPMENT_TEAM = T89868475G;
				ENABLE_PREVIEWS = YES;
				GENERATE_INFOPLIST_FILE = YES;
				INFOPLIST_FILE = Blablacar/Info.plist;
				INFOPLIST_KEY_CFBundleDisplayName = BlaBlaCar;
				INFOPLIST_KEY_UIApplicationSceneManifest_Generation = YES;
				INFOPLIST_KEY_UIApplicationSupportsIndirectInputEvents = YES;
				INFOPLIST_KEY_UISupportedInterfaceOrientations_iPad = "UIInterfaceOrientationPortrait UIInterfaceOrientationPortraitUpsideDown UIInterfaceOrientationLandscapeLeft UIInterfaceOrientationLandscapeRight";
				INFOPLIST_KEY_UISupportedInterfaceOrientations_iPhone = "UIInterfaceOrientationPortrait UIInterfaceOrientationLandscapeLeft UIInterfaceOrientationLandscapeRight";
				LD_RUNPATH_SEARCH_PATHS = (
					"$(inherited)",
					"@executable_path/Frameworks",
				);
				MARKETING_VERSION = 1.0;
				PRODUCT_BUNDLE_IDENTIFIER = com.abdullaharslan.Blablacar;
				PRODUCT_NAME = "$(TARGET_NAME)";
				SWIFT_EMIT_LOC_STRINGS = YES;
				SWIFT_VERSION = 5.0;
				TARGETED_DEVICE_FAMILY = "1,2";
			};
			name = Release;
		};
/* End XCBuildConfiguration section */

/* Begin XCConfigurationList section */
		F5AE39B22D1C5F4E00351550 /* Build configuration list for PBXProject "Blablacar" */ = {
			isa = XCConfigurationList;
			buildConfigurations = (
				F5AE39C32D1C5F4F00351550 /* Debug */,
				F5AE39C42D1C5F4F00351550 /* Release */,
			);
			defaultConfigurationIsVisible = 0;
			defaultConfigurationName = Release;
		};
		F5AE39C52D1C5F4F00351550 /* Build configuration list for PBXNativeTarget "Blablacar" */ = {
			isa = XCConfigurationList;
			buildConfigurations = (
				F5AE39C62D1C5F4F00351550 /* Debug */,
				F5AE39C72D1C5F4F00351550 /* Release */,
			);
			defaultConfigurationIsVisible = 0;
			defaultConfigurationName = Release;
		};
/* End XCConfigurationList section */

/* Begin XCRemoteSwiftPackageReference section */
		F5A580BF2D1DCC17007C8023 /* XCRemoteSwiftPackageReference "SwiftfulUI" */ = {
			isa = XCRemoteSwiftPackageReference;
			repositoryURL = "https://github.com/SwiftfulThinking/SwiftfulUI";
			requirement = {
				kind = upToNextMajorVersion;
				minimumVersion = 1.2.0;
			};
		};
/* End XCRemoteSwiftPackageReference section */

/* Begin XCSwiftPackageProductDependency section */
		F5A580C02D1DCC17007C8023 /* SwiftfulUI */ = {
			isa = XCSwiftPackageProductDependency;
			package = F5A580BF2D1DCC17007C8023 /* XCRemoteSwiftPackageReference "SwiftfulUI" */;
			productName = SwiftfulUI;
		};
/* End XCSwiftPackageProductDependency section */
	};
	rootObject = F5AE39AF2D1C5F4E00351550 /* Project object */;
}
